Microsoft Visual Studio Solution File, Format Version 12.00
# Visual Studio Version 17
VisualStudioVersion = 17.5.2.0
MinimumVisualStudioVersion = 10.0.40219.1
Project("{FAE04EC0-301F-11D3-BF4B-00C04F79EFBC}") = "C#-Console-Gambling-Game", "C#-Console-Gambling-Game.csproj", "{A69D1E42-CEAE-09A2-3ED3-FC0AE2436ED4}"
EndProject
Global
	GlobalSection(SolutionConfigurationPlatforms) = preSolution
		Debug|Any CPU = Debug|Any CPU
		Release|Any CPU = Release|Any CPU
	EndGlobalSection
	GlobalSection(ProjectConfigurationPlatforms) = postSolution
		{A69D1E42-CEAE-09A2-3ED3-FC0AE2436ED4}.Debug|Any CPU.ActiveCfg = Debug|Any CPU
		{A69D1E42-CEAE-09A2-3ED3-FC0AE2436ED4}.Debug|Any CPU.Build.0 = Debug|Any CPU
		{A69D1E42-CEAE-09A2-3ED3-FC0AE2436ED4}.Release|Any CPU.ActiveCfg = Release|Any CPU
		{A69D1E42-CEAE-09A2-3ED3-FC0AE2436ED4}.Release|Any CPU.Build.0 = Release|Any CPU
	EndGlobalSection
	GlobalSection(SolutionProperties) = preSolution
		HideSolutionNode = FALSE
	EndGlobalSection
	GlobalSection(ExtensibilityGlobals) = postSolution
		SolutionGuid = {86B80104-CBD1-4F32-9735-5E92D89B03EE}
	EndGlobalSection
EndGlobal
